// !$*UTF8*$!
{
	archiveVersion = 1;
	classes = {
	};
	objectVersion = 56;
	objects = {

/* Begin PBXBuildFile section */
		B77859D62E3273BF00B93D19 /* ios_1st_appApp.swift in Sources */ = {isa = PBXBuildFile; fileRef = B77859D52E3273BF00B93D19 /* ios_1st_appApp.swift */; };
		B77859D82E3273BF00B93D19 /* ContentView.swift in Sources */ = {isa = PBXBuildFile; fileRef = B77859D72E3273BF00B93D19 /* ContentView.swift */; };
		B77859DA2E3273C200B93D19 /* Assets.xcassets in Resources */ = {isa = PBXBuildFile; fileRef = B77859D92E3273C200B93D19 /* Assets.xcassets */; };
		B77859DD2E3273C200B93D19 /* Preview Assets.xcassets in Resources */ = {isa = PBXBuildFile; fileRef = B77859DC2E3273C200B93D19 /* Preview Assets.xcassets */; };
		B77859E72E3273C200B93D19 /* ios_1st_appTests.swift in Sources */ = {isa = PBXBuildFile; fileRef = B77859E62E3273C200B93D19 /* ios_1st_appTests.swift */; };
		B77859F12E3273C200B93D19 /* ios_1st_appUITests.swift in Sources */ = {isa = PBXBuildFile; fileRef = B77859F02E3273C200B93D19 /* ios_1st_appUITests.swift */; };
		B77859F32E3273C200B93D19 /* ios_1st_appUITestsLaunchTests.swift in Sources */ = {isa = PBXBuildFile; fileRef = B77859F22E3273C200B93D19 /* ios_1st_appUITestsLaunchTests.swift */; };
/* End PBXBuildFile section */

/* Begin PBXContainerItemProxy section */
		B77859E32E3273C200B93D19 /* PBXContainerItemProxy */ = {
			isa = PBXContainerItemProxy;
			containerPortal = B77859CA2E3273BF00B93D19 /* Project object */;
			proxyType = 1;
			remoteGlobalIDString = B77859D12E3273BF00B93D19;
			remoteInfo = "ios-1st-app";
		};
		B77859ED2E3273C200B93D19 /* PBXContainerItemProxy */ = {
			isa = PBXContainerItemProxy;
			containerPortal = B77859CA2E3273BF00B93D19 /* Project object */;
			proxyType = 1;
			remoteGlobalIDString = B77859D12E3273BF00B93D19;
			remoteInfo = "ios-1st-app";
		};
/* End PBXContainerItemProxy section */

/* Begin PBXFileReference section */
		B77859D22E3273BF00B93D19 /* ios-1st-app.app */ = {isa = PBXFileReference; explicitFileType = wrapper.application; includeInIndex = 0; path = "ios-1st-app.app"; sourceTree = BUILT_PRODUCTS_DIR; };
		B77859D52E3273BF00B93D19 /* ios_1st_appApp.swift */ = {isa = PBXFileReference; lastKnownFileType = sourcecode.swift; path = ios_1st_appApp.swift; sourceTree = "<group>"; };
		B77859D72E3273BF00B93D19 /* ContentView.swift */ = {isa = PBXFileReference; lastKnownFileType = sourcecode.swift; path = ContentView.swift; sourceTree = "<group>"; };
		B77859D92E3273C200B93D19 /* Assets.xcassets */ = {isa = PBXFileReference; lastKnownFileType = folder.assetcatalog; path = Assets.xcassets; sourceTree = "<group>"; };
		B77859DC2E3273C200B93D19 /* Preview Assets.xcassets */ = {isa = PBXFileReference; lastKnownFileType = folder.assetcatalog; path = "Preview Assets.xcassets"; sourceTree = "<group>"; };
		B77859E22E3273C200B93D19 /* ios-1st-appTests.xctest */ = {isa = PBXFileReference; explicitFileType = wrapper.cfbundle; includeInIndex = 0; path = "ios-1st-appTests.xctest"; sourceTree = BUILT_PRODUCTS_DIR; };
		B77859E62E3273C200B93D19 /* ios_1st_appTests.swift */ = {isa = PBXFileReference; lastKnownFileType = sourcecode.swift; path = ios_1st_appTests.swift; sourceTree = "<group>"; };
		B77859EC2E3273C200B93D19 /* ios-1st-appUITests.xctest */ = {isa = PBXFileReference; explicitFileType = wrapper.cfbundle; includeInIndex = 0; path = "ios-1st-appUITests.xctest"; sourceTree = BUILT_PRODUCTS_DIR; };
		B77859F02E3273C200B93D19 /* ios_1st_appUITests.swift */ = {isa = PBXFileReference; lastKnownFileType = sourcecode.swift; path = ios_1st_appUITests.swift; sourceTree = "<group>"; };
		B77859F22E3273C200B93D19 /* ios_1st_appUITestsLaunchTests.swift */ = {isa = PBXFileReference; lastKnownFileType = sourcecode.swift; path = ios_1st_appUITestsLaunchTests.swift; sourceTree = "<group>"; };
/* End PBXFileReference section */

/* Begin PBXFrameworksBuildPhase section */
		B77859CF2E3273BF00B93D19 /* Frameworks */ = {
			isa = PBXFrameworksBuildPhase;
			buildActionMask = 2147483647;
			files = (
			);
			runOnlyForDeploymentPostprocessing = 0;
		};
		B77859DF2E3273C200B93D19 /* Frameworks */ = {
			isa = PBXFrameworksBuildPhase;
			buildActionMask = 2147483647;
			files = (
			);
			runOnlyForDeploymentPostprocessing = 0;
		};
		B77859E92E3273C200B93D19 /* Frameworks */ = {
			isa = PBXFrameworksBuildPhase;
			buildActionMask = 2147483647;
			files = (
			);
			runOnlyForDeploymentPostprocessing = 0;
		};
/* End PBXFrameworksBuildPhase section */

/* Begin PBXGroup section */
		B77859C92E3273BF00B93D19 = {
			isa = PBXGroup;
			children = (
				B77859D42E3273BF00B93D19 /* ios-1st-app */,
				B77859E52E3273C200B93D19 /* ios-1st-appTests */,
				B77859EF2E3273C200B93D19 /* ios-1st-appUITests */,
				B77859D32E3273BF00B93D19 /* Products */,
			);
			sourceTree = "<group>";
		};
		B77859D32E3273BF00B93D19 /* Products */ = {
			isa = PBXGroup;
			children = (
				B77859D22E3273BF00B93D19 /* ios-1st-app.app */,
				B77859E22E3273C200B93D19 /* ios-1st-appTests.xctest */,
				B77859EC2E3273C200B93D19 /* ios-1st-appUITests.xctest */,
			);
			name = Products;
			sourceTree = "<group>";
		};
		B77859D42E3273BF00B93D19 /* ios-1st-app */ = {
			isa = PBXGroup;
			children = (
				B77859D52E3273BF00B93D19 /* ios_1st_appApp.swift */,
				B77859D72E3273BF00B93D19 /* ContentView.swift */,
				B77859D92E3273C200B93D19 /* Assets.xcassets */,
				B77859DB2E3273C200B93D19 /* Preview Content */,
			);
			path = "ios-1st-app";
			sourceTree = "<group>";
		};
		B77859DB2E3273C200B93D19 /* Preview Content */ = {
			isa = PBXGroup;
			children = (
				B77859DC2E3273C200B93D19 /* Preview Assets.xcassets */,
			);
			path = "Preview Content";
			sourceTree = "<group>";
		};
		B77859E52E3273C200B93D19 /* ios-1st-appTests */ = {
			isa = PBXGroup;
			children = (
				B77859E62E3273C200B93D19 /* ios_1st_appTests.swift */,
			);
			path = "ios-1st-appTests";
			sourceTree = "<group>";
		};
		B77859EF2E3273C200B93D19 /* ios-1st-appUITests */ = {
			isa = PBXGroup;
			children = (
				B77859F02E3273C200B93D19 /* ios_1st_appUITests.swift */,
				B77859F22E3273C200B93D19 /* ios_1st_appUITestsLaunchTests.swift */,
			);
			path = "ios-1st-appUITests";
			sourceTree = "<group>";
		};
/* End PBXGroup section */

/* Begin PBXNativeTarget section */
		B77859D12E3273BF00B93D19 /* ios-1st-app */ = {
			isa = PBXNativeTarget;
			buildConfigurationList = B77859F62E3273C200B93D19 /* Build configuration list for PBXNativeTarget "ios-1st-app" */;
			buildPhases = (
				B77859CE2E3273BF00B93D19 /* Sources */,
				B77859CF2E3273BF00B93D19 /* Frameworks */,
				B77859D02E3273BF00B93D19 /* Resources */,
			);
			buildRules = (
			);
			dependencies = (
			);
			name = "ios-1st-app";
			productName = "ios-1st-app";
			productReference = B77859D22E3273BF00B93D19 /* ios-1st-app.app */;
			productType = "com.apple.product-type.application";
		};
		B77859E12E3273C200B93D19 /* ios-1st-appTests */ = {
			isa = PBXNativeTarget;
			buildConfigurationList = B77859F92E3273C200B93D19 /* Build configuration list for PBXNativeTarget "ios-1st-appTests" */;
			buildPhases = (
				B77859DE2E3273C200B93D19 /* Sources */,
				B77859DF2E3273C200B93D19 /* Frameworks */,
				B77859E02E3273C200B93D19 /* Resources */,
			);
			buildRules = (
			);
			dependencies = (
				B77859E42E3273C200B93D19 /* PBXTargetDependency */,
			);
			name = "ios-1st-appTests";
			productName = "ios-1st-appTests";
			productReference = B77859E22E3273C200B93D19 /* ios-1st-appTests.xctest */;
			productType = "com.apple.product-type.bundle.unit-test";
		};
		B77859EB2E3273C200B93D19 /* ios-1st-appUITests */ = {
			isa = PBXNativeTarget;
			buildConfigurationList = B77859FC2E3273C200B93D19 /* Build configuration list for PBXNativeTarget "ios-1st-appUITests" */;
			buildPhases = (
				B77859E82E3273C200B93D19 /* Sources */,
				B77859E92E3273C200B93D19 /* Frameworks */,
				B77859EA2E3273C200B93D19 /* Resources */,
			);
			buildRules = (
			);
			dependencies = (
				B77859EE2E3273C200B93D19 /* PBXTargetDependency */,
			);
			name = "ios-1st-appUITests";
			productName = "ios-1st-appUITests";
			productReference = B77859EC2E3273C200B93D19 /* ios-1st-appUITests.xctest */;
			productType = "com.apple.product-type.bundle.ui-testing";
		};
/* End PBXNativeTarget section */

/* Begin PBXProject section */
		B77859CA2E3273BF00B93D19 /* Project object */ = {
			isa = PBXProject;
			attributes = {
				BuildIndependentTargetsInParallel = 1;
				LastSwiftUpdateCheck = 1420;
				LastUpgradeCheck = 1420;
				TargetAttributes = {
					B77859D12E3273BF00B93D19 = {
						CreatedOnToolsVersion = 14.2;
					};
					B77859E12E3273C200B93D19 = {
						CreatedOnToolsVersion = 14.2;
						TestTargetID = B77859D12E3273BF00B93D19;
					};
					B77859EB2E3273C200B93D19 = {
						CreatedOnToolsVersion = 14.2;
						TestTargetID = B77859D12E3273BF00B93D19;
					};
				};
			};
			buildConfigurationList = B77859CD2E3273BF00B93D19 /* Build configuration list for PBXProject "ios-1st-app" */;
			compatibilityVersion = "Xcode 14.0";
			developmentRegion = en;
			hasScannedForEncodings = 0;
			knownRegions = (
				en,
				Base,
			);
			mainGroup = B77859C92E3273BF00B93D19;
			productRefGroup = B77859D32E3273BF00B93D19 /* Products */;
			projectDirPath = "";
			projectRoot = "";
			targets = (
				B77859D12E3273BF00B93D19 /* ios-1st-app */,
				B77859E12E3273C200B93D19 /* ios-1st-appTests */,
				B77859EB2E3273C200B93D19 /* ios-1st-appUITests */,
			);
		};
/* End PBXProject section */

/* Begin PBXResourcesBuildPhase section */
		B77859D02E3273BF00B93D19 /* Resources */ = {
			isa = PBXResourcesBuildPhase;
			buildActionMask = 2147483647;
			files = (
				B77859DD2E3273C200B93D19 /* Preview Assets.xcassets in Resources */,
				B77859DA2E3273C200B93D19 /* Assets.xcassets in Resources */,
			);
			runOnlyForDeploymentPostprocessing = 0;
		};
		B77859E02E3273C200B93D19 /* Resources */ = {
			isa = PBXResourcesBuildPhase;
			buildActionMask = 2147483647;
			files = (
			);
			runOnlyForDeploymentPostprocessing = 0;
		};
		B77859EA2E3273C200B93D19 /* Resources */ = {
			isa = PBXResourcesBuildPhase;
			buildActionMask = 2147483647;
			files = (
			);
			runOnlyForDeploymentPostprocessing = 0;
		};
/* End PBXResourcesBuildPhase section */

/* Begin PBXSourcesBuildPhase section */
		B77859CE2E3273BF00B93D19 /* Sources */ = {
			isa = PBXSourcesBuildPhase;
			buildActionMask = 2147483647;
			files = (
				B77859D82E3273BF00B93D19 /* ContentView.swift in Sources */,
				B77859D62E3273BF00B93D19 /* ios_1st_appApp.swift in Sources */,
			);
			runOnlyForDeploymentPostprocessing = 0;
		};
		B77859DE2E3273C200B93D19 /* Sources */ = {
			isa = PBXSourcesBuildPhase;
			buildActionMask = 2147483647;
			files = (
				B77859E72E3273C200B93D19 /* ios_1st_appTests.swift in Sources */,
			);
			runOnlyForDeploymentPostprocessing = 0;
		};
		B77859E82E3273C200B93D19 /* Sources */ = {
			isa = PBXSourcesBuildPhase;
			buildActionMask = 2147483647;
			files = (
				B77859F12E3273C200B93D19 /* ios_1st_appUITests.swift in Sources */,
				B77859F32E3273C200B93D19 /* ios_1st_appUITestsLaunchTests.swift in Sources */,
			);
			runOnlyForDeploymentPostprocessing = 0;
		};
/* End PBXSourcesBuildPhase section */

/* Begin PBXTargetDependency section */
		B77859E42E3273C200B93D19 /* PBXTargetDependency */ = {
			isa = PBXTargetDependency;
			target = B77859D12E3273BF00B93D19 /* ios-1st-app */;
			targetProxy = B77859E32E3273C200B93D19 /* PBXContainerItemProxy */;
		};
		B77859EE2E3273C200B93D19 /* PBXTargetDependency */ = {
			isa = PBXTargetDependency;
			target = B77859D12E3273BF00B93D19 /* ios-1st-app */;
			targetProxy = B77859ED2E3273C200B93D19 /* PBXContainerItemProxy */;
		};
/* End PBXTargetDependency section */

/* Begin XCBuildConfiguration section */
		B77859F42E3273C200B93D19 /* Debug */ = {
			isa = XCBuildConfiguration;
			buildSettings = {
				ALWAYS_SEARCH_USER_PATHS = NO;
				CLANG_ANALYZER_NONNULL = YES;
				CLANG_ANALYZER_NUMBER_OBJECT_CONVERSION = YES_AGGRESSIVE;
				CLANG_CXX_LANGUAGE_STANDARD = "gnu++20";
				CLANG_ENABLE_MODULES = YES;
				CLANG_ENABLE_OBJC_ARC = YES;
				CLANG_ENABLE_OBJC_WEAK = YES;
				CLANG_WARN_BLOCK_CAPTURE_AUTORELEASING = YES;
				CLANG_WARN_BOOL_CONVERSION = YES;
				CLANG_WARN_COMMA = YES;
				CLANG_WARN_CONSTANT_CONVERSION = YES;
				CLANG_WARN_DEPRECATED_OBJC_IMPLEMENTATIONS = YES;
				CLANG_WARN_DIRECT_OBJC_ISA_USAGE = YES_ERROR;
				CLANG_WARN_DOCUMENTATION_COMMENTS = YES;
				CLANG_WARN_EMPTY_BODY = YES;
				CLANG_WARN_ENUM_CONVERSION = YES;
				CLANG_WARN_INFINITE_RECURSION = YES;
				CLANG_WARN_INT_CONVERSION = YES;
				CLANG_WARN_NON_LITERAL_NULL_CONVERSION = YES;
				CLANG_WARN_OBJC_IMPLICIT_RETAIN_SELF = YES;
				CLANG_WARN_OBJC_LITERAL_CONVERSION = YES;
				CLANG_WARN_OBJC_ROOT_CLASS = YES_ERROR;
				CLANG_WARN_QUOTED_INCLUDE_IN_FRAMEWORK_HEADER = YES;
				CLANG_WARN_RANGE_LOOP_ANALYSIS = YES;
				CLANG_WARN_STRICT_PROTOTYPES = YES;
				CLANG_WARN_SUSPICIOUS_MOVE = YES;
				CLANG_WARN_UNGUARDED_AVAILABILITY = YES_AGGRESSIVE;
				CLANG_WARN_UNREACHABLE_CODE = YES;
				CLANG_WARN__DUPLICATE_METHOD_MATCH = YES;
				COPY_PHASE_STRIP = NO;
				DEBUG_INFORMATION_FORMAT = dwarf;
				ENABLE_STRICT_OBJC_MSGSEND = YES;
				ENABLE_TESTABILITY = YES;
				GCC_C_LANGUAGE_STANDARD = gnu11;
				GCC_DYNAMIC_NO_PIC = NO;
				GCC_NO_COMMON_BLOCKS = YES;
				GCC_OPTIMIZATION_LEVEL = 0;
				GCC_PREPROCESSOR_DEFINITIONS = (
					"DEBUG=1",
					"$(inherited)",
				);
				GCC_WARN_64_TO_32_BIT_CONVERSION = YES;
				GCC_WARN_ABOUT_RETURN_TYPE = YES_ERROR;
				GCC_WARN_UNDECLARED_SELECTOR = YES;
				GCC_WARN_UNINITIALIZED_AUTOS = YES_AGGRESSIVE;
				GCC_WARN_UNUSED_FUNCTION = YES;
				GCC_WARN_UNUSED_VARIABLE = YES;
				IPHONEOS_DEPLOYMENT_TARGET = 16.2;
				MTL_ENABLE_DEBUG_INFO = INCLUDE_SOURCE;
				MTL_FAST_MATH = YES;
				ONLY_ACTIVE_ARCH = YES;
				SDKROOT = iphoneos;
				SWIFT_ACTIVE_COMPILATION_CONDITIONS = DEBUG;
				SWIFT_OPTIMIZATION_LEVEL = "-Onone";
			};
			name = Debug;
		};
		B77859F52E3273C200B93D19 /* Release */ = {
			isa = XCBuildConfiguration;
			buildSettings = {
				ALWAYS_SEARCH_USER_PATHS = NO;
				CLANG_ANALYZER_NONNULL = YES;
				CLANG_ANALYZER_NUMBER_OBJECT_CONVERSION = YES_AGGRESSIVE;
				CLANG_CXX_LANGUAGE_STANDARD = "gnu++20";
				CLANG_ENABLE_MODULES = YES;
				CLANG_ENABLE_OBJC_ARC = YES;
				CLANG_ENABLE_OBJC_WEAK = YES;
				CLANG_WARN_BLOCK_CAPTURE_AUTORELEASING = YES;
				CLANG_WARN_BOOL_CONVERSION = YES;
				CLANG_WARN_COMMA = YES;
				CLANG_WARN_CONSTANT_CONVERSION = YES;
				CLANG_WARN_DEPRECATED_OBJC_IMPLEMENTATIONS = YES;
				CLANG_WARN_DIRECT_OBJC_ISA_USAGE = YES_ERROR;
				CLANG_WARN_DOCUMENTATION_COMMENTS = YES;
				CLANG_WARN_EMPTY_BODY = YES;
				CLANG_WARN_ENUM_CONVERSION = YES;
				CLANG_WARN_INFINITE_RECURSION = YES;
				CLANG_WARN_INT_CONVERSION = YES;
				CLANG_WARN_NON_LITERAL_NULL_CONVERSION = YES;
				CLANG_WARN_OBJC_IMPLICIT_RETAIN_SELF = YES;
				CLANG_WARN_OBJC_LITERAL_CONVERSION = YES;
				CLANG_WARN_OBJC_ROOT_CLASS = YES_ERROR;
				CLANG_WARN_QUOTED_INCLUDE_IN_FRAMEWORK_HEADER = YES;
				CLANG_WARN_RANGE_LOOP_ANALYSIS = YES;
				CLANG_WARN_STRICT_PROTOTYPES = YES;
				CLANG_WARN_SUSPICIOUS_MOVE = YES;
				CLANG_WARN_UNGUARDED_AVAILABILITY = YES_AGGRESSIVE;
				CLANG_WARN_UNREACHABLE_CODE = YES;
				CLANG_WARN__DUPLICATE_METHOD_MATCH = YES;
				COPY_PHASE_STRIP = NO;
				DEBUG_INFORMATION_FORMAT = "dwarf-with-dsym";
				ENABLE_NS_ASSERTIONS = NO;
				ENABLE_STRICT_OBJC_MSGSEND = YES;
				GCC_C_LANGUAGE_STANDARD = gnu11;
				GCC_NO_COMMON_BLOCKS = YES;
				GCC_WARN_64_TO_32_BIT_CONVERSION = YES;
				GCC_WARN_ABOUT_RETURN_TYPE = YES_ERROR;
				GCC_WARN_UNDECLARED_SELECTOR = YES;
				GCC_WARN_UNINITIALIZED_AUTOS = YES_AGGRESSIVE;
				GCC_WARN_UNUSED_FUNCTION = YES;
				GCC_WARN_UNUSED_VARIABLE = YES;
				IPHONEOS_DEPLOYMENT_TARGET = 16.2;
				MTL_ENABLE_DEBUG_INFO = NO;
				MTL_FAST_MATH = YES;
				SDKROOT = iphoneos;
				SWIFT_COMPILATION_MODE = wholemodule;
				SWIFT_OPTIMIZATION_LEVEL = "-O";
				VALIDATE_PRODUCT = YES;
			};
			name = Release;
		};
		B77859F72E3273C200B93D19 /* Debug */ = {
			isa = XCBuildConfiguration;
			buildSettings = {
				ASSETCATALOG_COMPILER_APPICON_NAME = AppIcon;
				ASSETCATALOG_COMPILER_GLOBAL_ACCENT_COLOR_NAME = AccentColor;
				CODE_SIGN_STYLE = Automatic;
				CURRENT_PROJECT_VERSION = 1;
				DEVELOPMENT_ASSET_PATHS = "\"ios-1st-app/Preview Content\"";
				ENABLE_PREVIEWS = YES;
				GENERATE_INFOPLIST_FILE = YES;
				INFOPLIST_KEY_UIApplicationSceneManifest_Generation = YES;
				INFOPLIST_KEY_UIApplicationSupportsIndirectInputEvents = YES;
				INFOPLIST_KEY_UILaunchScreen_Generation = YES;
				INFOPLIST_KEY_UISupportedInterfaceOrientations_iPad = "UIInterfaceOrientationPortrait UIInterfaceOrientationPortraitUpsideDown UIInterfaceOrientationLandscapeLeft UIInterfaceOrientationLandscapeRight";
				INFOPLIST_KEY_UISupportedInterfaceOrientations_iPhone = "UIInterfaceOrientationPortrait UIInterfaceOrientationLandscapeLeft UIInterfaceOrientationLandscapeRight";
				LD_RUNPATH_SEARCH_PATHS = (
					"$(inherited)",
					"@executable_path/Frameworks",
				);
				MARKETING_VERSION = 1.0;
				PRODUCT_BUNDLE_IDENTIFIER = "ntdkhoa.ios-1st-app";
				PRODUCT_NAME = "$(TARGET_NAME)";
				SWIFT_EMIT_LOC_STRINGS = YES;
				SWIFT_VERSION = 5.0;
				TARGETED_DEVICE_FAMILY = "1,2";
			};
			name = Debug;
		};
		B77859F82E3273C200B93D19 /* Release */ = {
			isa = XCBuildConfiguration;
			buildSettings = {
				ASSETCATALOG_COMPILER_APPICON_NAME = AppIcon;
				ASSETCATALOG_COMPILER_GLOBAL_ACCENT_COLOR_NAME = AccentColor;
				CODE_SIGN_STYLE = Automatic;
				CURRENT_PROJECT_VERSION = 1;
				DEVELOPMENT_ASSET_PATHS = "\"ios-1st-app/Preview Content\"";
				ENABLE_PREVIEWS = YES;
				GENERATE_INFOPLIST_FILE = YES;
				INFOPLIST_KEY_UIApplicationSceneManifest_Generation = YES;
				INFOPLIST_KEY_UIApplicationSupportsIndirectInputEvents = YES;
				INFOPLIST_KEY_UILaunchScreen_Generation = YES;
				INFOPLIST_KEY_UISupportedInterfaceOrientations_iPad = "UIInterfaceOrientationPortrait UIInterfaceOrientationPortraitUpsideDown UIInterfaceOrientationLandscapeLeft UIInterfaceOrientationLandscapeRight";
				INFOPLIST_KEY_UISupportedInterfaceOrientations_iPhone = "UIInterfaceOrientationPortrait UIInterfaceOrientationLandscapeLeft UIInterfaceOrientationLandscapeRight";
				LD_RUNPATH_SEARCH_PATHS = (
					"$(inherited)",
					"@executable_path/Frameworks",
				);
				MARKETING_VERSION = 1.0;
				PRODUCT_BUNDLE_IDENTIFIER = "ntdkhoa.ios-1st-app";
				PRODUCT_NAME = "$(TARGET_NAME)";
				SWIFT_EMIT_LOC_STRINGS = YES;
				SWIFT_VERSION = 5.0;
				TARGETED_DEVICE_FAMILY = "1,2";
			};
			name = Release;
		};
		B77859FA2E3273C200B93D19 /* Debug */ = {
			isa = XCBuildConfiguration;
			buildSettings = {
				ALWAYS_EMBED_SWIFT_STANDARD_LIBRARIES = YES;
				BUNDLE_LOADER = "$(TEST_HOST)";
				CODE_SIGN_STYLE = Automatic;
				CURRENT_PROJECT_VERSION = 1;
				GENERATE_INFOPLIST_FILE = YES;
				IPHONEOS_DEPLOYMENT_TARGET = 16.2;
				MARKETING_VERSION = 1.0;
				PRODUCT_BUNDLE_IDENTIFIER = "ntdkhoa.ios-1st-appTests";
				PRODUCT_NAME = "$(TARGET_NAME)";
				SWIFT_EMIT_LOC_STRINGS = NO;
				SWIFT_VERSION = 5.0;
				TARGETED_DEVICE_FAMILY = "1,2";
				TEST_HOST = "$(BUILT_PRODUCTS_DIR)/ios-1st-app.app/$(BUNDLE_EXECUTABLE_FOLDER_PATH)/ios-1st-app";
			};
			name = Debug;
		};
		B77859FB2E3273C200B93D19 /* Release */ = {
			isa = XCBuildConfiguration;
			buildSettings = {
				ALWAYS_EMBED_SWIFT_STANDARD_LIBRARIES = YES;
				BUNDLE_LOADER = "$(TEST_HOST)";
				CODE_SIGN_STYLE = Automatic;
				CURRENT_PROJECT_VERSION = 1;
				GENERATE_INFOPLIST_FILE = YES;
				IPHONEOS_DEPLOYMENT_TARGET = 16.2;
				MARKETING_VERSION = 1.0;
				PRODUCT_BUNDLE_IDENTIFIER = "ntdkhoa.ios-1st-appTests";
				PRODUCT_NAME = "$(TARGET_NAME)";
				SWIFT_EMIT_LOC_STRINGS = NO;
				SWIFT_VERSION = 5.0;
				TARGETED_DEVICE_FAMILY = "1,2";
				TEST_HOST = "$(BUILT_PRODUCTS_DIR)/ios-1st-app.app/$(BUNDLE_EXECUTABLE_FOLDER_PATH)/ios-1st-app";
			};
			name = Release;
		};
		B77859FD2E3273C200B93D19 /* Debug */ = {
			isa = XCBuildConfiguration;
			buildSettings = {
				ALWAYS_EMBED_SWIFT_STANDARD_LIBRARIES = YES;
				CODE_SIGN_STYLE = Automatic;
				CURRENT_PROJECT_VERSION = 1;
				GENERATE_INFOPLIST_FILE = YES;
				MARKETING_VERSION = 1.0;
				PRODUCT_BUNDLE_IDENTIFIER = "ntdkhoa.ios-1st-appUITests";
				PRODUCT_NAME = "$(TARGET_NAME)";
				SWIFT_EMIT_LOC_STRINGS = NO;
				SWIFT_VERSION = 5.0;
				TARGETED_DEVICE_FAMILY = "1,2";
				TEST_TARGET_NAME = "ios-1st-app";
			};
			name = Debug;
		};
		B77859FE2E3273C200B93D19 /* Release */ = {
			isa = XCBuildConfiguration;
			buildSettings = {
				ALWAYS_EMBED_SWIFT_STANDARD_LIBRARIES = YES;
				CODE_SIGN_STYLE = Automatic;
				CURRENT_PROJECT_VERSION = 1;
				GENERATE_INFOPLIST_FILE = YES;
				MARKETING_VERSION = 1.0;
				PRODUCT_BUNDLE_IDENTIFIER = "ntdkhoa.ios-1st-appUITests";
				PRODUCT_NAME = "$(TARGET_NAME)";
				SWIFT_EMIT_LOC_STRINGS = NO;
				SWIFT_VERSION = 5.0;
				TARGETED_DEVICE_FAMILY = "1,2";
				TEST_TARGET_NAME = "ios-1st-app";
			};
			name = Release;
		};
/* End XCBuildConfiguration section */

/* Begin XCConfigurationList section */
		B77859CD2E3273BF00B93D19 /* Build configuration list for PBXProject "ios-1st-app" */ = {
			isa = XCConfigurationList;
			buildConfigurations = (
				B77859F42E3273C200B93D19 /* Debug */,
				B77859F52E3273C200B93D19 /* Release */,
			);
			defaultConfigurationIsVisible = 0;
			defaultConfigurationName = Release;
		};
		B77859F62E3273C200B93D19 /* Build configuration list for PBXNativeTarget "ios-1st-app" */ = {
			isa = XCConfigurationList;
			buildConfigurations = (
				B77859F72E3273C200B93D19 /* Debug */,
				B77859F82E3273C200B93D19 /* Release */,
			);
			defaultConfigurationIsVisible = 0;
			defaultConfigurationName = Release;
		};
		B77859F92E3273C200B93D19 /* Build configuration list for PBXNativeTarget "ios-1st-appTests" */ = {
			isa = XCConfigurationList;
			buildConfigurations = (
				B77859FA2E3273C200B93D19 /* Debug */,
				B77859FB2E3273C200B93D19 /* Release */,
			);
			defaultConfigurationIsVisible = 0;
			defaultConfigurationName = Release;
		};
		B77859FC2E3273C200B93D19 /* Build configuration list for PBXNativeTarget "ios-1st-appUITests" */ = {
			isa = XCConfigurationList;
			buildConfigurations = (
				B77859FD2E3273C200B93D19 /* Debug */,
				B77859FE2E3273C200B93D19 /* Release */,
			);
			defaultConfigurationIsVisible = 0;
			defaultConfigurationName = Release;
		};
/* End XCConfigurationList section */
	};
	rootObject = B77859CA2E3273BF00B93D19 /* Project object */;
}
